
Microsoft Visual Studio Solution File, Format Version 12.00
# Visual Studio Version 17
VisualStudioVersion = 17.8.34330.188
MinimumVisualStudioVersion = 10.0.40219.1
Project("{FAE04EC0-301F-11D3-BF4B-00C04F79EFBC}") = "ContactApp", "ContactApp\ContactApp.csproj", "{CE449563-32E2-4471-8B74-F608781A5E68}"
EndProject
Global
	GlobalSection(SolutionConfigurationPlatforms) = preSolution
		Debug|Any CPU = Debug|Any CPU
		Release|Any CPU = Release|Any CPU
	EndGlobalSection
	GlobalSection(ProjectConfigurationPlatforms) = postSolution
		{CE449563-32E2-4471-8B74-F608781A5E68}.Debug|Any CPU.ActiveCfg = Debug|Any CPU
		{CE449563-32E2-4471-8B74-F608781A5E68}.Debug|Any CPU.Build.0 = Debug|Any CPU
		{CE449563-32E2-4471-8B74-F608781A5E68}.Release|Any CPU.ActiveCfg = Release|Any CPU
		{CE449563-32E2-4471-8B74-F608781A5E68}.Release|Any CPU.Build.0 = Release|Any CPU
	EndGlobalSection
	GlobalSection(SolutionProperties) = preSolution
		HideSolutionNode = FALSE
	EndGlobalSection
	GlobalSection(ExtensibilityGlobals) = postSolution
		SolutionGuid = {D7D533C5-CEEA-492E-95C3-5DA016BF0BA9}
	EndGlobalSection
EndGlobal
